// !$*UTF8*$!
{
	archiveVersion = 1;
	classes = {
	};
	objectVersion = 56;
	objects = {

/* Begin PBXBuildFile section */
		F99F07522A092E690077D6B9 /* CommonCell.xib in Resources */ = {isa = PBXBuildFile; fileRef = F99F07512A092E690077D6B9 /* CommonCell.xib */; };
		F99F07542A092FF40077D6B9 /* CommonCell.swift in Sources */ = {isa = PBXBuildFile; fileRef = F99F07532A092FF40077D6B9 /* CommonCell.swift */; };
		F9FCFC112A091C6F0098E619 /* AppDelegate.swift in Sources */ = {isa = PBXBuildFile; fileRef = F9FCFC102A091C6F0098E619 /* AppDelegate.swift */; };
		F9FCFC132A091C6F0098E619 /* SceneDelegate.swift in Sources */ = {isa = PBXBuildFile; fileRef = F9FCFC122A091C6F0098E619 /* SceneDelegate.swift */; };
		F9FCFC152A091C6F0098E619 /* ViewController.swift in Sources */ = {isa = PBXBuildFile; fileRef = F9FCFC142A091C6F0098E619 /* ViewController.swift */; };
		F9FCFC182A091C6F0098E619 /* Main.storyboard in Resources */ = {isa = PBXBuildFile; fileRef = F9FCFC162A091C6F0098E619 /* Main.storyboard */; };
		F9FCFC1A2A091C700098E619 /* Assets.xcassets in Resources */ = {isa = PBXBuildFile; fileRef = F9FCFC192A091C700098E619 /* Assets.xcassets */; };
		F9FCFC1D2A091C700098E619 /* LaunchScreen.storyboard in Resources */ = {isa = PBXBuildFile; fileRef = F9FCFC1B2A091C700098E619 /* LaunchScreen.storyboard */; };
		F9FCFC282A091EAA0098E619 /* ButtonCell.xib in Resources */ = {isa = PBXBuildFile; fileRef = F9FCFC272A091EAA0098E619 /* ButtonCell.xib */; };
		F9FCFC2A2A09235D0098E619 /* ButtonCell.swift in Sources */ = {isa = PBXBuildFile; fileRef = F9FCFC292A09235D0098E619 /* ButtonCell.swift */; };
/* End PBXBuildFile section */

/* Begin PBXFileReference section */
		F99F07512A092E690077D6B9 /* CommonCell.xib */ = {isa = PBXFileReference; lastKnownFileType = file.xib; path = CommonCell.xib; sourceTree = "<group>"; };
		F99F07532A092FF40077D6B9 /* CommonCell.swift */ = {isa = PBXFileReference; lastKnownFileType = sourcecode.swift; path = CommonCell.swift; sourceTree = "<group>"; };
		F9FCFC0D2A091C6F0098E619 /* sberCollectionView.app */ = {isa = PBXFileReference; explicitFileType = wrapper.application; includeInIndex = 0; path = sberCollectionView.app; sourceTree = BUILT_PRODUCTS_DIR; };
		F9FCFC102A091C6F0098E619 /* AppDelegate.swift */ = {isa = PBXFileReference; lastKnownFileType = sourcecode.swift; path = AppDelegate.swift; sourceTree = "<group>"; };
		F9FCFC122A091C6F0098E619 /* SceneDelegate.swift */ = {isa = PBXFileReference; lastKnownFileType = sourcecode.swift; path = SceneDelegate.swift; sourceTree = "<group>"; };
		F9FCFC142A091C6F0098E619 /* ViewController.swift */ = {isa = PBXFileReference; lastKnownFileType = sourcecode.swift; path = ViewController.swift; sourceTree = "<group>"; };
		F9FCFC172A091C6F0098E619 /* Base */ = {isa = PBXFileReference; lastKnownFileType = file.storyboard; name = Base; path = Base.lproj/Main.storyboard; sourceTree = "<group>"; };
		F9FCFC192A091C700098E619 /* Assets.xcassets */ = {isa = PBXFileReference; lastKnownFileType = folder.assetcatalog; path = Assets.xcassets; sourceTree = "<group>"; };
		F9FCFC1C2A091C700098E619 /* Base */ = {isa = PBXFileReference; lastKnownFileType = file.storyboard; name = Base; path = Base.lproj/LaunchScreen.storyboard; sourceTree = "<group>"; };
		F9FCFC1E2A091C700098E619 /* Info.plist */ = {isa = PBXFileReference; lastKnownFileType = text.plist.xml; path = Info.plist; sourceTree = "<group>"; };
		F9FCFC272A091EAA0098E619 /* ButtonCell.xib */ = {isa = PBXFileReference; lastKnownFileType = file.xib; path = ButtonCell.xib; sourceTree = "<group>"; };
		F9FCFC292A09235D0098E619 /* ButtonCell.swift */ = {isa = PBXFileReference; lastKnownFileType = sourcecode.swift; path = ButtonCell.swift; sourceTree = "<group>"; };
/* End PBXFileReference section */

/* Begin PBXFrameworksBuildPhase section */
		F9FCFC0A2A091C6F0098E619 /* Frameworks */ = {
			isa = PBXFrameworksBuildPhase;
			buildActionMask = 2147483647;
			files = (
			);
			runOnlyForDeploymentPostprocessing = 0;
		};
/* End PBXFrameworksBuildPhase section */

/* Begin PBXGroup section */
		F9FCFC042A091C6F0098E619 = {
			isa = PBXGroup;
			children = (
				F9FCFC242A091E670098E619 /* Cells */,
				F9FCFC0F2A091C6F0098E619 /* sberCollectionView */,
				F9FCFC0E2A091C6F0098E619 /* Products */,
			);
			sourceTree = "<group>";
		};
		F9FCFC0E2A091C6F0098E619 /* Products */ = {
			isa = PBXGroup;
			children = (
				F9FCFC0D2A091C6F0098E619 /* sberCollectionView.app */,
			);
			name = Products;
			sourceTree = "<group>";
		};
		F9FCFC0F2A091C6F0098E619 /* sberCollectionView */ = {
			isa = PBXGroup;
			children = (
				F9FCFC102A091C6F0098E619 /* AppDelegate.swift */,
				F9FCFC122A091C6F0098E619 /* SceneDelegate.swift */,
				F9FCFC142A091C6F0098E619 /* ViewController.swift */,
				F9FCFC162A091C6F0098E619 /* Main.storyboard */,
				F9FCFC192A091C700098E619 /* Assets.xcassets */,
				F9FCFC1B2A091C700098E619 /* LaunchScreen.storyboard */,
				F9FCFC1E2A091C700098E619 /* Info.plist */,
			);
			path = sberCollectionView;
			sourceTree = "<group>";
		};
		F9FCFC242A091E670098E619 /* Cells */ = {
			isa = PBXGroup;
			children = (
				F9FCFC262A091E770098E619 /* CommonCell */,
				F9FCFC252A091E6E0098E619 /* ButtonCell */,
			);
			path = Cells;
			sourceTree = "<group>";
		};
		F9FCFC252A091E6E0098E619 /* ButtonCell */ = {
			isa = PBXGroup;
			children = (
				F9FCFC272A091EAA0098E619 /* ButtonCell.xib */,
				F9FCFC292A09235D0098E619 /* ButtonCell.swift */,
			);
			path = ButtonCell;
			sourceTree = "<group>";
		};
		F9FCFC262A091E770098E619 /* CommonCell */ = {
			isa = PBXGroup;
			children = (
				F99F07512A092E690077D6B9 /* CommonCell.xib */,
				F99F07532A092FF40077D6B9 /* CommonCell.swift */,
			);
			path = CommonCell;
			sourceTree = "<group>";
		};
/* End PBXGroup section */

/* Begin PBXNativeTarget section */
		F9FCFC0C2A091C6F0098E619 /* sberCollectionView */ = {
			isa = PBXNativeTarget;
			buildConfigurationList = F9FCFC212A091C700098E619 /* Build configuration list for PBXNativeTarget "sberCollectionView" */;
			buildPhases = (
				F9FCFC092A091C6F0098E619 /* Sources */,
				F9FCFC0A2A091C6F0098E619 /* Frameworks */,
				F9FCFC0B2A091C6F0098E619 /* Resources */,
			);
			buildRules = (
			);
			dependencies = (
			);
			name = sberCollectionView;
			productName = sberCollectionView;
			productReference = F9FCFC0D2A091C6F0098E619 /* sberCollectionView.app */;
			productType = "com.apple.product-type.application";
		};
/* End PBXNativeTarget section */

/* Begin PBXProject section */
		F9FCFC052A091C6F0098E619 /* Project object */ = {
			isa = PBXProject;
			attributes = {
				BuildIndependentTargetsInParallel = 1;
				LastSwiftUpdateCheck = 1430;
				LastUpgradeCheck = 1430;
				TargetAttributes = {
					F9FCFC0C2A091C6F0098E619 = {
						CreatedOnToolsVersion = 14.3;
					};
				};
			};
			buildConfigurationList = F9FCFC082A091C6F0098E619 /* Build configuration list for PBXProject "sberCollectionView" */;
			compatibilityVersion = "Xcode 14.0";
			developmentRegion = en;
			hasScannedForEncodings = 0;
			knownRegions = (
				en,
				Base,
			);
			mainGroup = F9FCFC042A091C6F0098E619;
			productRefGroup = F9FCFC0E2A091C6F0098E619 /* Products */;
			projectDirPath = "";
			projectRoot = "";
			targets = (
				F9FCFC0C2A091C6F0098E619 /* sberCollectionView */,
			);
		};
/* End PBXProject section */

/* Begin PBXResourcesBuildPhase section */
		F9FCFC0B2A091C6F0098E619 /* Resources */ = {
			isa = PBXResourcesBuildPhase;
			buildActionMask = 2147483647;
			files = (
				F9FCFC1D2A091C700098E619 /* LaunchScreen.storyboard in Resources */,
				F9FCFC1A2A091C700098E619 /* Assets.xcassets in Resources */,
				F9FCFC182A091C6F0098E619 /* Main.storyboard in Resources */,
				F9FCFC282A091EAA0098E619 /* ButtonCell.xib in Resources */,
				F99F07522A092E690077D6B9 /* CommonCell.xib in Resources */,
			);
			runOnlyForDeploymentPostprocessing = 0;
		};
/* End PBXResourcesBuildPhase section */

/* Begin PBXSourcesBuildPhase section */
		F9FCFC092A091C6F0098E619 /* Sources */ = {
			isa = PBXSourcesBuildPhase;
			buildActionMask = 2147483647;
			files = (
				F9FCFC152A091C6F0098E619 /* ViewController.swift in Sources */,
				F9FCFC112A091C6F0098E619 /* AppDelegate.swift in Sources */,
				F9FCFC132A091C6F0098E619 /* SceneDelegate.swift in Sources */,
				F99F07542A092FF40077D6B9 /* CommonCell.swift in Sources */,
				F9FCFC2A2A09235D0098E619 /* ButtonCell.swift in Sources */,
			);
			runOnlyForDeploymentPostprocessing = 0;
		};
/* End PBXSourcesBuildPhase section */

/* Begin PBXVariantGroup section */
		F9FCFC162A091C6F0098E619 /* Main.storyboard */ = {
			isa = PBXVariantGroup;
			children = (
				F9FCFC172A091C6F0098E619 /* Base */,
			);
			name = Main.storyboard;
			sourceTree = "<group>";
		};
		F9FCFC1B2A091C700098E619 /* LaunchScreen.storyboard */ = {
			isa = PBXVariantGroup;
			children = (
				F9FCFC1C2A091C700098E619 /* Base */,
			);
			name = LaunchScreen.storyboard;
			sourceTree = "<group>";
		};
/* End PBXVariantGroup section */

/* Begin XCBuildConfiguration section */
		F9FCFC1F2A091C700098E619 /* Debug */ = {
			isa = XCBuildConfiguration;
			buildSettings = {
				ALWAYS_SEARCH_USER_PATHS = NO;
				CLANG_ANALYZER_NONNULL = YES;
				CLANG_ANALYZER_NUMBER_OBJECT_CONVERSION = YES_AGGRESSIVE;
				CLANG_CXX_LANGUAGE_STANDARD = "gnu++20";
				CLANG_ENABLE_MODULES = YES;
				CLANG_ENABLE_OBJC_ARC = YES;
				CLANG_ENABLE_OBJC_WEAK = YES;
				CLANG_WARN_BLOCK_CAPTURE_AUTORELEASING = YES;
				CLANG_WARN_BOOL_CONVERSION = YES;
				CLANG_WARN_COMMA = YES;
				CLANG_WARN_CONSTANT_CONVERSION = YES;
				CLANG_WARN_DEPRECATED_OBJC_IMPLEMENTATIONS = YES;
				CLANG_WARN_DIRECT_OBJC_ISA_USAGE = YES_ERROR;
				CLANG_WARN_DOCUMENTATION_COMMENTS = YES;
				CLANG_WARN_EMPTY_BODY = YES;
				CLANG_WARN_ENUM_CONVERSION = YES;
				CLANG_WARN_INFINITE_RECURSION = YES;
				CLANG_WARN_INT_CONVERSION = YES;
				CLANG_WARN_NON_LITERAL_NULL_CONVERSION = YES;
				CLANG_WARN_OBJC_IMPLICIT_RETAIN_SELF = YES;
				CLANG_WARN_OBJC_LITERAL_CONVERSION = YES;
				CLANG_WARN_OBJC_ROOT_CLASS = YES_ERROR;
				CLANG_WARN_QUOTED_INCLUDE_IN_FRAMEWORK_HEADER = YES;
				CLANG_WARN_RANGE_LOOP_ANALYSIS = YES;
				CLANG_WARN_STRICT_PROTOTYPES = YES;
				CLANG_WARN_SUSPICIOUS_MOVE = YES;
				CLANG_WARN_UNGUARDED_AVAILABILITY = YES_AGGRESSIVE;
				CLANG_WARN_UNREACHABLE_CODE = YES;
				CLANG_WARN__DUPLICATE_METHOD_MATCH = YES;
				COPY_PHASE_STRIP = NO;
				DEBUG_INFORMATION_FORMAT = dwarf;
				ENABLE_STRICT_OBJC_MSGSEND = YES;
				ENABLE_TESTABILITY = YES;
				GCC_C_LANGUAGE_STANDARD = gnu11;
				GCC_DYNAMIC_NO_PIC = NO;
				GCC_NO_COMMON_BLOCKS = YES;
				GCC_OPTIMIZATION_LEVEL = 0;
				GCC_PREPROCESSOR_DEFINITIONS = (
					"DEBUG=1",
					"$(inherited)",
				);
				GCC_WARN_64_TO_32_BIT_CONVERSION = YES;
				GCC_WARN_ABOUT_RETURN_TYPE = YES_ERROR;
				GCC_WARN_UNDECLARED_SELECTOR = YES;
				GCC_WARN_UNINITIALIZED_AUTOS = YES_AGGRESSIVE;
				GCC_WARN_UNUSED_FUNCTION = YES;
				GCC_WARN_UNUSED_VARIABLE = YES;
				IPHONEOS_DEPLOYMENT_TARGET = 16.4;
				MTL_ENABLE_DEBUG_INFO = INCLUDE_SOURCE;
				MTL_FAST_MATH = YES;
				ONLY_ACTIVE_ARCH = YES;
				SDKROOT = iphoneos;
				SWIFT_ACTIVE_COMPILATION_CONDITIONS = DEBUG;
				SWIFT_OPTIMIZATION_LEVEL = "-Onone";
			};
			name = Debug;
		};
		F9FCFC202A091C700098E619 /* Release */ = {
			isa = XCBuildConfiguration;
			buildSettings = {
				ALWAYS_SEARCH_USER_PATHS = NO;
				CLANG_ANALYZER_NONNULL = YES;
				CLANG_ANALYZER_NUMBER_OBJECT_CONVERSION = YES_AGGRESSIVE;
				CLANG_CXX_LANGUAGE_STANDARD = "gnu++20";
				CLANG_ENABLE_MODULES = YES;
				CLANG_ENABLE_OBJC_ARC = YES;
				CLANG_ENABLE_OBJC_WEAK = YES;
				CLANG_WARN_BLOCK_CAPTURE_AUTORELEASING = YES;
				CLANG_WARN_BOOL_CONVERSION = YES;
				CLANG_WARN_COMMA = YES;
				CLANG_WARN_CONSTANT_CONVERSION = YES;
				CLANG_WARN_DEPRECATED_OBJC_IMPLEMENTATIONS = YES;
				CLANG_WARN_DIRECT_OBJC_ISA_USAGE = YES_ERROR;
				CLANG_WARN_DOCUMENTATION_COMMENTS = YES;
				CLANG_WARN_EMPTY_BODY = YES;
				CLANG_WARN_ENUM_CONVERSION = YES;
				CLANG_WARN_INFINITE_RECURSION = YES;
				CLANG_WARN_INT_CONVERSION = YES;
				CLANG_WARN_NON_LITERAL_NULL_CONVERSION = YES;
				CLANG_WARN_OBJC_IMPLICIT_RETAIN_SELF = YES;
				CLANG_WARN_OBJC_LITERAL_CONVERSION = YES;
				CLANG_WARN_OBJC_ROOT_CLASS = YES_ERROR;
				CLANG_WARN_QUOTED_INCLUDE_IN_FRAMEWORK_HEADER = YES;
				CLANG_WARN_RANGE_LOOP_ANALYSIS = YES;
				CLANG_WARN_STRICT_PROTOTYPES = YES;
				CLANG_WARN_SUSPICIOUS_MOVE = YES;
				CLANG_WARN_UNGUARDED_AVAILABILITY = YES_AGGRESSIVE;
				CLANG_WARN_UNREACHABLE_CODE = YES;
				CLANG_WARN__DUPLICATE_METHOD_MATCH = YES;
				COPY_PHASE_STRIP = NO;
				DEBUG_INFORMATION_FORMAT = "dwarf-with-dsym";
				ENABLE_NS_ASSERTIONS = NO;
				ENABLE_STRICT_OBJC_MSGSEND = YES;
				GCC_C_LANGUAGE_STANDARD = gnu11;
				GCC_NO_COMMON_BLOCKS = YES;
				GCC_WARN_64_TO_32_BIT_CONVERSION = YES;
				GCC_WARN_ABOUT_RETURN_TYPE = YES_ERROR;
				GCC_WARN_UNDECLARED_SELECTOR = YES;
				GCC_WARN_UNINITIALIZED_AUTOS = YES_AGGRESSIVE;
				GCC_WARN_UNUSED_FUNCTION = YES;
				GCC_WARN_UNUSED_VARIABLE = YES;
				IPHONEOS_DEPLOYMENT_TARGET = 16.4;
				MTL_ENABLE_DEBUG_INFO = NO;
				MTL_FAST_MATH = YES;
				SDKROOT = iphoneos;
				SWIFT_COMPILATION_MODE = wholemodule;
				SWIFT_OPTIMIZATION_LEVEL = "-O";
				VALIDATE_PRODUCT = YES;
			};
			name = Release;
		};
		F9FCFC222A091C700098E619 /* Debug */ = {
			isa = XCBuildConfiguration;
			buildSettings = {
				ASSETCATALOG_COMPILER_APPICON_NAME = AppIcon;
				ASSETCATALOG_COMPILER_GLOBAL_ACCENT_COLOR_NAME = AccentColor;
				CODE_SIGN_STYLE = Automatic;
				CURRENT_PROJECT_VERSION = 1;
				DEVELOPMENT_TEAM = L536Q9UMC4;
				GENERATE_INFOPLIST_FILE = YES;
				INFOPLIST_FILE = sberCollectionView/Info.plist;
				INFOPLIST_KEY_UIApplicationSupportsIndirectInputEvents = YES;
				INFOPLIST_KEY_UILaunchStoryboardName = LaunchScreen;
				INFOPLIST_KEY_UIMainStoryboardFile = Main;
				INFOPLIST_KEY_UISupportedInterfaceOrientations_iPad = "UIInterfaceOrientationPortrait UIInterfaceOrientationPortraitUpsideDown UIInterfaceOrientationLandscapeLeft UIInterfaceOrientationLandscapeRight";
				INFOPLIST_KEY_UISupportedInterfaceOrientations_iPhone = "UIInterfaceOrientationPortrait UIInterfaceOrientationLandscapeLeft UIInterfaceOrientationLandscapeRight";
				IPHONEOS_DEPLOYMENT_TARGET = 15.0;
				LD_RUNPATH_SEARCH_PATHS = (
					"$(inherited)",
					"@executable_path/Frameworks",
				);
				MARKETING_VERSION = 1.0;
				PRODUCT_BUNDLE_IDENTIFIER = co.ratmir.sberCollectionView;
				PRODUCT_NAME = "$(TARGET_NAME)";
				SWIFT_EMIT_LOC_STRINGS = YES;
				SWIFT_VERSION = 5.0;
				TARGETED_DEVICE_FAMILY = "1,2";
			};
			name = Debug;
		};
		F9FCFC232A091C700098E619 /* Release */ = {
			isa = XCBuildConfiguration;
			buildSettings = {
				ASSETCATALOG_COMPILER_APPICON_NAME = AppIcon;
				ASSETCATALOG_COMPILER_GLOBAL_ACCENT_COLOR_NAME = AccentColor;
				CODE_SIGN_STYLE = Automatic;
				CURRENT_PROJECT_VERSION = 1;
				DEVELOPMENT_TEAM = L536Q9UMC4;
				GENERATE_INFOPLIST_FILE = YES;
				INFOPLIST_FILE = sberCollectionView/Info.plist;
				INFOPLIST_KEY_UIApplicationSupportsIndirectInputEvents = YES;
				INFOPLIST_KEY_UILaunchStoryboardName = LaunchScreen;
				INFOPLIST_KEY_UIMainStoryboardFile = Main;
				INFOPLIST_KEY_UISupportedInterfaceOrientations_iPad = "UIInterfaceOrientationPortrait UIInterfaceOrientationPortraitUpsideDown UIInterfaceOrientationLandscapeLeft UIInterfaceOrientationLandscapeRight";
				INFOPLIST_KEY_UISupportedInterfaceOrientations_iPhone = "UIInterfaceOrientationPortrait UIInterfaceOrientationLandscapeLeft UIInterfaceOrientationLandscapeRight";
				IPHONEOS_DEPLOYMENT_TARGET = 15.0;
				LD_RUNPATH_SEARCH_PATHS = (
					"$(inherited)",
					"@executable_path/Frameworks",
				);
				MARKETING_VERSION = 1.0;
				PRODUCT_BUNDLE_IDENTIFIER = co.ratmir.sberCollectionView;
				PRODUCT_NAME = "$(TARGET_NAME)";
				SWIFT_EMIT_LOC_STRINGS = YES;
				SWIFT_VERSION = 5.0;
				TARGETED_DEVICE_FAMILY = "1,2";
			};
			name = Release;
		};
/* End XCBuildConfiguration section */

/* Begin XCConfigurationList section */
		F9FCFC082A091C6F0098E619 /* Build configuration list for PBXProject "sberCollectionView" */ = {
			isa = XCConfigurationList;
			buildConfigurations = (
				F9FCFC1F2A091C700098E619 /* Debug */,
				F9FCFC202A091C700098E619 /* Release */,
			);
			defaultConfigurationIsVisible = 0;
			defaultConfigurationName = Release;
		};
		F9FCFC212A091C700098E619 /* Build configuration list for PBXNativeTarget "sberCollectionView" */ = {
			isa = XCConfigurationList;
			buildConfigurations = (
				F9FCFC222A091C700098E619 /* Debug */,
				F9FCFC232A091C700098E619 /* Release */,
			);
			defaultConfigurationIsVisible = 0;
			defaultConfigurationName = Release;
		};
/* End XCConfigurationList section */
	};
	rootObject = F9FCFC052A091C6F0098E619 /* Project object */;
}
